
Microsoft Visual Studio Solution File, Format Version 12.00
# Visual Studio 15
VisualStudioVersion = 15.0.26730.12
MinimumVisualStudioVersion = 10.0.40219.1
Project("{9A19103F-16F7-4668-BE54-9A1E7A4F7556}") = "System1Group.Lib.Attributes", "Attributes\System1Group.Lib.Attributes.csproj", "{38384566-CE76-40BE-9DF4-11D1DA736F19}"
EndProject
Project("{9A19103F-16F7-4668-BE54-9A1E7A4F7556}") = "System1Group.Lib.Attributes.Tests", "Attributes.Tests\System1Group.Lib.Attributes.Tests.csproj", "{3A1E2964-92E4-4950-9216-D7DBFCE8D2AE}"
EndProject
Global
	GlobalSection(SolutionConfigurationPlatforms) = preSolution
		Debug|Any CPU = Debug|Any CPU
		Release|Any CPU = Release|Any CPU
	EndGlobalSection
	GlobalSection(ProjectConfigurationPlatforms) = postSolution
		{38384566-CE76-40BE-9DF4-11D1DA736F19}.Debug|Any CPU.ActiveCfg = Debug|Any CPU
		{38384566-CE76-40BE-9DF4-11D1DA736F19}.Debug|Any CPU.Build.0 = Debug|Any CPU
		{38384566-CE76-40BE-9DF4-11D1DA736F19}.Release|Any CPU.ActiveCfg = Release|Any CPU
		{38384566-CE76-40BE-9DF4-11D1DA736F19}.Release|Any CPU.Build.0 = Release|Any CPU
		{3A1E2964-92E4-4950-9216-D7DBFCE8D2AE}.Debug|Any CPU.ActiveCfg = Debug|Any CPU
		{3A1E2964-92E4-4950-9216-D7DBFCE8D2AE}.Debug|Any CPU.Build.0 = Debug|Any CPU
		{3A1E2964-92E4-4950-9216-D7DBFCE8D2AE}.Release|Any CPU.ActiveCfg = Release|Any CPU
		{3A1E2964-92E4-4950-9216-D7DBFCE8D2AE}.Release|Any CPU.Build.0 = Release|Any CPU
	EndGlobalSection
	GlobalSection(SolutionProperties) = preSolution
		HideSolutionNode = FALSE
	EndGlobalSection
	GlobalSection(ExtensibilityGlobals) = postSolution
		SolutionGuid = {729BA1DB-8E44-45A1-91D6-AD64321DF7E1}
	EndGlobalSection
EndGlobal
