
Microsoft Visual Studio Solution File, Format Version 12.00
# Visual Studio 15
VisualStudioVersion = 15.0.26730.12
MinimumVisualStudioVersion = 10.0.40219.1
Project("{FAE04EC0-301F-11D3-BF4B-00C04F79EFBC}") = "Attributes", "Attributes\System1Group.Lib.Attributes.csproj", "{38384566-CE76-40BE-9DF4-11D1DA736F19}"
EndProject
Project("{FAE04EC0-301F-11D3-BF4B-00C04F79EFBC}") = "System1Group.Lib.Attributes.Tests", "Attributes.Tests\System1Group.Lib.Attributes.Tests.csproj", "{3A1E2964-92E4-4950-9216-D7DBFCE8D2AE}"
EndProject
Global
	GlobalSection(SolutionProperties) = preSolution
		HideSolutionNode = FALSE
	EndGlobalSection
	GlobalSection(ExtensibilityGlobals) = postSolution
		SolutionGuid = {729BA1DB-8E44-45A1-91D6-AD64321DF7E1}
	EndGlobalSection
EndGlobal
